
Microsoft Visual Studio Solution File, Format Version 12.00
# Visual Studio 15
VisualStudioVersion = 15.0.28010.2016
MinimumVisualStudioVersion = 10.0.40219.1
Project("{FAE04EC0-301F-11D3-BF4B-00C04F79EFBC}") = "AthleticsCarnivalScoreboard", "AthleticsCarnivalScoreboard\AthleticsCarnivalScoreboard.csproj", "{DEAEBA90-E9B4-4CAC-ABFE-E62C731032C1}"
EndProject
Global
	GlobalSection(SolutionConfigurationPlatforms) = preSolution
		Debug|Any CPU = Debug|Any CPU
		Release|Any CPU = Release|Any CPU
	EndGlobalSection
	GlobalSection(ProjectConfigurationPlatforms) = postSolution
		{DEAEBA90-E9B4-4CAC-ABFE-E62C731032C1}.Debug|Any CPU.ActiveCfg = Debug|Any CPU
		{DEAEBA90-E9B4-4CAC-ABFE-E62C731032C1}.Debug|Any CPU.Build.0 = Debug|Any CPU
		{DEAEBA90-E9B4-4CAC-ABFE-E62C731032C1}.Release|Any CPU.ActiveCfg = Release|Any CPU
		{DEAEBA90-E9B4-4CAC-ABFE-E62C731032C1}.Release|Any CPU.Build.0 = Release|Any CPU
	EndGlobalSection
	GlobalSection(SolutionProperties) = preSolution
		HideSolutionNode = FALSE
	EndGlobalSection
	GlobalSection(ExtensibilityGlobals) = postSolution
		SolutionGuid = {11B996FB-55BE-40E0-9964-E06523997D65}
	EndGlobalSection
EndGlobal
